<?xml version="1.0" encoding="utf-8"?>
<Project ToolsVersion="4.0" xmlns="http://schemas.microsoft.com/developer/msbuild/2003">
  <ItemGroup>
    <Filter Include="Source Files">
      <UniqueIdentifier>{4FC737F1-C7A5-4376-A066-2A32D752A2FF}</UniqueIdentifier>
      <Extensions>qml;cpp;c;cc;cxx;def;odl;idl;hpj;bat;asm;asmx</Extensions>
    </Filter>
    <Filter Include="Header Files">
      <UniqueIdentifier>{93995380-89BD-4b04-88EB-625FBE52EBFB}</UniqueIdentifier>
      <Extensions>h;hh;hpp;hxx;hm;inl;inc;xsd</Extensions>
    </Filter>
    <Filter Include="Resource Files">
      <UniqueIdentifier>{67DA6AB6-F800-4c08-8B7A-83BB121AAD01}</UniqueIdentifier>
      <Extensions>qrc;rc;ico;cur;bmp;dlg;rc2;rct;bin;rgs;gif;jpg;jpeg;jpe;resx;tiff;tif;png;wav;mfcribbon-ms</Extensions>
    </Filter>
    <Filter Include="Form Files">
      <UniqueIdentifier>{99349809-55BA-4b9d-BF79-8FDBB0286EB3}</UniqueIdentifier>
      <Extensions>ui</Extensions>
    </Filter>
    <Filter Include="Translation Files">
      <UniqueIdentifier>{639EADAA-A684-42e4-A9AD-28FC9BCB8F7C}</UniqueIdentifier>
      <Extensions>ts</Extensions>
    </Filter>
    <Filter Include="Source Files\Pages">
      <UniqueIdentifier>{B2CF2ED6-12FD-48A1-8C85-5D41756AA111}</UniqueIdentifier>
    </Filter>
    <Filter Include="Header Files\Pages">
      <UniqueIdentifier>{39F70A39-D9FB-472F-AD99-1D7737A2B222}</UniqueIdentifier>
    </Filter>
    <Filter Include="Form Files\Pages">
      <UniqueIdentifier>{A7D39159-C05B-43BD-A770-736364723333}</UniqueIdentifier>
    </Filter>
    <Filter Include="Source Files\Compat">
      <UniqueIdentifier>{DB5C8C49-2D3D-4A78-9EA8-61E7DCC39C6A}</UniqueIdentifier>
    </Filter>
    <Filter Include="Header Files\Compat">
      <UniqueIdentifier>{A4948E68-0C4F-4B19-B4D9-CC2D13884270}</UniqueIdentifier>
    </Filter>
  </ItemGroup>
  <ItemGroup>
    <QtRcc Include="src/MotionTestHost.qrc">
      <Filter>Resource Files</Filter>
    </QtRcc>
    <QtUic Include="src/MotionTestHost.ui">
      <Filter>Form Files</Filter>
    </QtUic>
    <QtMoc Include="src/MotionTestHost.h">
      <Filter>Header Files</Filter>
    </QtMoc>
    <ClCompile Include="src/MotionTestHost.cc">
      <Filter>Source Files</Filter>
    </ClCompile>
    <ClCompile Include="src/main.cc">
      <Filter>Source Files</Filter>
    </ClCompile>
    <ClCompile Include="src/io_setting/io_setting.cc">
      <Filter>Source Files\Pages</Filter>
    </ClCompile>
    <ClCompile Include="src/axis_setting/axis_setting.cc">
      <Filter>Source Files\Pages</Filter>
    </ClCompile>
    <ClCompile Include="src/point_setting/point_setting.cc">
      <Filter>Source Files\Pages</Filter>
    </ClCompile>
    <ClCompile Include="src/motion_test/motion_test_page.cc">
      <Filter>Source Files\Pages</Filter>
    </ClCompile>
    <ClCompile Include="src/view/tools/limit_setting_view/limit_setting_view.cc">
      <Filter>Source Files\Pages</Filter>
    </ClCompile>
    <ClCompile Include="src/model/model_mgr.cc">
      <Filter>Source Files\Compat</Filter>
    </ClCompile>
    <ClCompile Include="src/model/unit_info/unit_info_mgr.cc">
      <Filter>Source Files\Compat</Filter>
    </ClCompile>
    <ClCompile Include="src/model/unit_info/unit_point_mgr.cc">
      <Filter>Source Files\Compat</Filter>
    </ClCompile>
    <ClCompile Include="src/controller/device_status_monitor/device_status_monitor.cc">
      <Filter>Source Files\Compat</Filter>
    </ClCompile>
    <ClCompile Include="src/view/tools/shared_manager/shared_manager.cc">
      <Filter>Source Files\Compat</Filter>
    </ClCompile>
    <ClInclude Include="src/motion_test/motion_test_page.h">
      <Filter>Header Files\Pages</Filter>
    </ClInclude>
    <ClInclude Include="src/model/model_mgr.h">
      <Filter>Header Files\Compat</Filter>
    </ClInclude>
    <ClInclude Include="src/model/device_info/motion_struct.h">
      <Filter>Header Files\Compat</Filter>
    </ClInclude>
    <ClInclude Include="src/model/unit_info/unit_info_mgr.h">
      <Filter>Header Files\Compat</Filter>
    </ClInclude>
    <ClInclude Include="src/model/unit_info/unit_point_mgr.h">
      <Filter>Header Files\Compat</Filter>
    </ClInclude>
    <ClInclude Include="src/controller/device_status_monitor/device_status_monitor.h">
      <Filter>Header Files\Compat</Filter>
    </ClInclude>
    <ClInclude Include="src/controller/robot_manual/robot_define.h">
      <Filter>Header Files\Compat</Filter>
    </ClInclude>
    <ClInclude Include="src/view/tools/shared_manager/shared_manager.h">
      <Filter>Header Files\Compat</Filter>
    </ClInclude>
    <ClInclude Include="src/view/tools/utils/style_utils.h">
      <Filter>Header Files\Compat</Filter>
    </ClInclude>
    <QtMoc Include="src/io_setting/io_setting.h">
      <Filter>Header Files\Pages</Filter>
    </QtMoc>
    <QtMoc Include="src/axis_setting/axis_setting.h">
      <Filter>Header Files\Pages</Filter>
    </QtMoc>
    <QtMoc Include="src/point_setting/point_setting.h">
      <Filter>Header Files\Pages</Filter>
    </QtMoc>
    <QtMoc Include="src/view/tools/limit_setting_view/limit_setting_view.h">
      <Filter>Header Files\Pages</Filter>
    </QtMoc>
    <QtUic Include="src/io_setting/io_setting.ui">
      <Filter>Form Files\Pages</Filter>
    </QtUic>
    <QtUic Include="src/axis_setting/axis_setting.ui">
      <Filter>Form Files\Pages</Filter>
    </QtUic>
    <QtUic Include="src/point_setting/point_setting.ui">
      <Filter>Form Files\Pages</Filter>
    </QtUic>
    <QtUic Include="src/view/tools/limit_setting_view/limit_setting_view.ui">
      <Filter>Form Files\Pages</Filter>
    </QtUic>
  </ItemGroup>
</Project>
