<?xml version="1.0" encoding="utf-8"?>
<Project ToolsVersion="4.0" xmlns="http://schemas.microsoft.com/developer/msbuild/2003">
  <ItemGroup>
    <Filter Include="Source Files">
      <UniqueIdentifier>{6f8eab6f-92e7-4de9-9378-6b2668f5df66}</UniqueIdentifier>
      <Extensions>cpp;c;cc;cxx;c++;cppm;ixx;def;odl;idl;hpj;bat;asm;asmx</Extensions>
    </Filter>
    <Filter Include="Source Files\src">
      <UniqueIdentifier>{9f2c53df-e330-4f18-8c07-689c31ed3194}</UniqueIdentifier>
    </Filter>
    <Filter Include="Source Files\src\pitch_compensation_config">
      <UniqueIdentifier>{cc38736b-fab0-43e5-8efe-a10c76a450cd}</UniqueIdentifier>
    </Filter>
    <Filter Include="Header Files">
      <UniqueIdentifier>{77c73b49-415d-44fd-8ef9-f1b48092473f}</UniqueIdentifier>
      <Extensions>h;hh;hpp;hxx;h++;hm;inl;inc;ipp;xsd</Extensions>
    </Filter>
    <Filter Include="Header Files\src">
      <UniqueIdentifier>{4d6b6ee8-75bb-4f3d-9c5b-39d40965ffbf}</UniqueIdentifier>
    </Filter>
    <Filter Include="Header Files\src\pitch_compensation_config">
      <UniqueIdentifier>{13686c27-d6b8-4a19-8928-c416d7b3b7bd}</UniqueIdentifier>
    </Filter>
    <Filter Include="Resource Files">
      <UniqueIdentifier>{dd477ba5-c661-4e9e-8e1c-75560b438a26}</UniqueIdentifier>
      <Extensions>rc;ico;cur;bmp;dlg;rc2;rct;bin;rgs;gif;jpg;jpeg;jpe;resx;tiff;tif;png;wav</Extensions>
    </Filter>
    <Filter Include="Definition Files">
      <UniqueIdentifier>{951c095d-e68c-442c-ac1d-8c9a424f7de6}</UniqueIdentifier>
    </Filter>
  </ItemGroup>
  <ItemGroup>
    <ClCompile Include="dllmain.cc">
      <Filter>Source Files</Filter>
    </ClCompile>
    <ClCompile Include="src\neomove_analog_io.cc">
      <Filter>Source Files\src</Filter>
    </ClCompile>
    <ClCompile Include="src\neomove_axis.cc">
      <Filter>Source Files\src</Filter>
    </ClCompile>
    <ClCompile Include="src\neomove_event_control.cc">
      <Filter>Source Files\src</Filter>
    </ClCompile>
    <ClCompile Include="src\neomove_input_io.cc">
      <Filter>Source Files\src</Filter>
    </ClCompile>
    <ClCompile Include="src\neomove_io_monitor_thread.cc">
      <Filter>Source Files\src</Filter>
    </ClCompile>
    <ClCompile Include="src\neomove_motion_control.cc">
      <Filter>Source Files\src</Filter>
    </ClCompile>
    <ClCompile Include="src\neomove_motion_mgr.cc">
      <Filter>Source Files\src</Filter>
    </ClCompile>
    <ClCompile Include="src\neomove_motion_mgr_context_impl.cc">
      <Filter>Source Files\src</Filter>
    </ClCompile>
    <ClCompile Include="src\neomove_output_io.cc">
      <Filter>Source Files\src</Filter>
    </ClCompile>
    <ClCompile Include="src\pitch_compensation_config\pitch_compensation_config.cc">
      <Filter>Source Files\src\pitch_compensation_config</Filter>
    </ClCompile>
  </ItemGroup>
  <ItemGroup>
    <ClInclude Include="resource.h">
      <Filter>Header Files</Filter>
    </ClInclude>
    <ClInclude Include="src\neomove_analog_io.h">
      <Filter>Header Files\src</Filter>
    </ClInclude>
    <ClInclude Include="src\neomove_axis.h">
      <Filter>Header Files\src</Filter>
    </ClInclude>
    <ClInclude Include="src\neomove_event_control.h">
      <Filter>Header Files\src</Filter>
    </ClInclude>
    <ClInclude Include="src\neomove_input_io.h">
      <Filter>Header Files\src</Filter>
    </ClInclude>
    <ClInclude Include="src\neomove_io_monitor_thread.h">
      <Filter>Header Files\src</Filter>
    </ClInclude>
    <ClInclude Include="src\neomove_motion_control.h">
      <Filter>Header Files\src</Filter>
    </ClInclude>
    <ClInclude Include="src\neomove_motion_mgr.h">
      <Filter>Header Files\src</Filter>
    </ClInclude>
    <ClInclude Include="src\neomove_motion_mgr_context_impl.h">
      <Filter>Header Files\src</Filter>
    </ClInclude>
    <ClInclude Include="src\neomove_output_io.h">
      <Filter>Header Files\src</Filter>
    </ClInclude>
    <ClInclude Include="src\neomove_pdo_utils.h">
      <Filter>Header Files\src</Filter>
    </ClInclude>
    <ClInclude Include="src\pitch_compensation_config\pitch_compensation_config.h">
      <Filter>Header Files\src\pitch_compensation_config</Filter>
    </ClInclude>
  </ItemGroup>
  <ItemGroup>
    <None Include="neomove_motion.def">
      <Filter>Definition Files</Filter>
    </None>
  </ItemGroup>
  <ItemGroup>
    <ResourceCompile Include="neomove_motion.rc">
      <Filter>Resource Files</Filter>
    </ResourceCompile>
  </ItemGroup>
</Project>
